
Microsoft Visual Studio Solution File, Format Version 12.00
# Visual Studio 14
VisualStudioVersion = 14.0.25420.1
MinimumVisualStudioVersion = 10.0.40219.1
Project("{FAE04EC0-301F-11D3-BF4B-00C04F79EFBC}") = "BirthdayService", "BirthdayService\BirthdayService.csproj", "{1B2BB0D8-3B5C-4869-8164-884D8EAAB190}"
EndProject
Project("{FAE04EC0-301F-11D3-BF4B-00C04F79EFBC}") = "WebService", "WebService\WebService.csproj", "{19F1ACB3-B42F-4C9B-A099-5352EB124EDD}"
EndProject
Global
	GlobalSection(SolutionConfigurationPlatforms) = preSolution
		Debug|Any CPU = Debug|Any CPU
		Release|Any CPU = Release|Any CPU
	EndGlobalSection
	GlobalSection(ProjectConfigurationPlatforms) = postSolution
		{1B2BB0D8-3B5C-4869-8164-884D8EAAB190}.Debug|Any CPU.ActiveCfg = Debug|Any CPU
		{1B2BB0D8-3B5C-4869-8164-884D8EAAB190}.Debug|Any CPU.Build.0 = Debug|Any CPU
		{1B2BB0D8-3B5C-4869-8164-884D8EAAB190}.Release|Any CPU.ActiveCfg = Release|Any CPU
		{1B2BB0D8-3B5C-4869-8164-884D8EAAB190}.Release|Any CPU.Build.0 = Release|Any CPU
		{19F1ACB3-B42F-4C9B-A099-5352EB124EDD}.Debug|Any CPU.ActiveCfg = Debug|Any CPU
		{19F1ACB3-B42F-4C9B-A099-5352EB124EDD}.Debug|Any CPU.Build.0 = Debug|Any CPU
		{19F1ACB3-B42F-4C9B-A099-5352EB124EDD}.Release|Any CPU.ActiveCfg = Release|Any CPU
		{19F1ACB3-B42F-4C9B-A099-5352EB124EDD}.Release|Any CPU.Build.0 = Release|Any CPU
	EndGlobalSection
	GlobalSection(SolutionProperties) = preSolution
		HideSolutionNode = FALSE
	EndGlobalSection
EndGlobal
